
Microsoft Visual Studio Solution File, Format Version 12.00
# Visual Studio Version 17
VisualStudioVersion = 17.4.33205.214
MinimumVisualStudioVersion = 10.0.40219.1
Project("{2150E333-8FDC-42A3-9474-1A3956D46DE8}") = "Presentation", "Presentation", "{FF2AC1E6-92A6-49C5-9BA0-84538915EF14}"
EndProject
Project("{FAE04EC0-301F-11D3-BF4B-00C04F79EFBC}") = "MS.WebApi", "MS.WebApi\MS.WebApi.csproj", "{3A645BBC-F6BF-45E4-A871-237ADAF99D6C}"
EndProject
Global
	GlobalSection(SolutionConfigurationPlatforms) = preSolution
		Debug|Any CPU = Debug|Any CPU
		Release|Any CPU = Release|Any CPU
	EndGlobalSection
	GlobalSection(ProjectConfigurationPlatforms) = postSolution
		{3A645BBC-F6BF-45E4-A871-237ADAF99D6C}.Debug|Any CPU.ActiveCfg = Debug|Any CPU
		{3A645BBC-F6BF-45E4-A871-237ADAF99D6C}.Debug|Any CPU.Build.0 = Debug|Any CPU
		{3A645BBC-F6BF-45E4-A871-237ADAF99D6C}.Release|Any CPU.ActiveCfg = Release|Any CPU
		{3A645BBC-F6BF-45E4-A871-237ADAF99D6C}.Release|Any CPU.Build.0 = Release|Any CPU
	EndGlobalSection
	GlobalSection(SolutionProperties) = preSolution
		HideSolutionNode = FALSE
	EndGlobalSection
	GlobalSection(NestedProjects) = preSolution
		{3A645BBC-F6BF-45E4-A871-237ADAF99D6C} = {FF2AC1E6-92A6-49C5-9BA0-84538915EF14}
	EndGlobalSection
	GlobalSection(ExtensibilityGlobals) = postSolution
		SolutionGuid = {4780F0F7-660B-4EA7-91E9-1D0BC9E1F924}
	EndGlobalSection
EndGlobal
