
Microsoft Visual Studio Solution File, Format Version 12.00
# Visual Studio Version 17
VisualStudioVersion = 17.4.33205.214
MinimumVisualStudioVersion = 10.0.40219.1
Project("{2150E333-8FDC-42A3-9474-1A3956D46DE8}") = "1-Application", "1-Application", "{4B4FFD93-5B81-469C-9082-046564712EE2}"
EndProject
Project("{2150E333-8FDC-42A3-9474-1A3956D46DE8}") = "2-Domain", "2-Domain", "{72DCB218-2056-4813-AC29-972387771630}"
EndProject
Project("{2150E333-8FDC-42A3-9474-1A3956D46DE8}") = "3-Infra", "3-Infra", "{E08237AB-EBBF-4B7E-9A80-C5D8CFCC2B9A}"
EndProject
Project("{2150E333-8FDC-42A3-9474-1A3956D46DE8}") = "1-Data", "1-Data", "{413E20E8-8177-4FA6-989C-7661F884DD14}"
	ProjectSection(SolutionItems) = preProject
		alunos.json = alunos.json
	EndProjectSection
EndProject
Project("{2150E333-8FDC-42A3-9474-1A3956D46DE8}") = "Services", "Services", "{EDB07177-621A-47C2-B7FC-A94FD89BD498}"
EndProject
Project("{2150E333-8FDC-42A3-9474-1A3956D46DE8}") = "Repository", "Repository", "{CAD2D558-31EB-486E-B896-F4724DD183A9}"
EndProject
Project("{2150E333-8FDC-42A3-9474-1A3956D46DE8}") = "0-Presentation", "0-Presentation", "{54E49347-BE8B-4A07-9EDC-E6FB7D31826B}"
EndProject
Project("{2150E333-8FDC-42A3-9474-1A3956D46DE8}") = "Api", "Api", "{AA21B557-1322-4469-A666-14B5E6D42BA8}"
EndProject
Project("{2150E333-8FDC-42A3-9474-1A3956D46DE8}") = "Interfaces", "Interfaces", "{90274E26-CBD6-49C5-9E1F-A98D3A00FDC7}"
EndProject
Project("{2150E333-8FDC-42A3-9474-1A3956D46DE8}") = "pratica", "pratica", "{6DB54D40-5695-4214-937D-9DF3F44B36DF}"
EndProject
Global
	GlobalSection(SolutionProperties) = preSolution
		HideSolutionNode = FALSE
	EndGlobalSection
	GlobalSection(NestedProjects) = preSolution
		{4B4FFD93-5B81-469C-9082-046564712EE2} = {6DB54D40-5695-4214-937D-9DF3F44B36DF}
		{72DCB218-2056-4813-AC29-972387771630} = {6DB54D40-5695-4214-937D-9DF3F44B36DF}
		{E08237AB-EBBF-4B7E-9A80-C5D8CFCC2B9A} = {6DB54D40-5695-4214-937D-9DF3F44B36DF}
		{413E20E8-8177-4FA6-989C-7661F884DD14} = {E08237AB-EBBF-4B7E-9A80-C5D8CFCC2B9A}
		{EDB07177-621A-47C2-B7FC-A94FD89BD498} = {90274E26-CBD6-49C5-9E1F-A98D3A00FDC7}
		{CAD2D558-31EB-486E-B896-F4724DD183A9} = {90274E26-CBD6-49C5-9E1F-A98D3A00FDC7}
		{54E49347-BE8B-4A07-9EDC-E6FB7D31826B} = {6DB54D40-5695-4214-937D-9DF3F44B36DF}
		{AA21B557-1322-4469-A666-14B5E6D42BA8} = {54E49347-BE8B-4A07-9EDC-E6FB7D31826B}
		{90274E26-CBD6-49C5-9E1F-A98D3A00FDC7} = {72DCB218-2056-4813-AC29-972387771630}
	EndGlobalSection
	GlobalSection(ExtensibilityGlobals) = postSolution
		SolutionGuid = {AE53550D-B4DB-4D06-B876-4C00950265EC}
	EndGlobalSection
EndGlobal
